
Microsoft Visual Studio Solution File, Format Version 12.00
# Visual Studio Version 17
VisualStudioVersion = 17.0.32014.148
MinimumVisualStudioVersion = 10.0.40219.1
Project("{FAE04EC0-301F-11D3-BF4B-00C04F79EFBC}") = "TaxCollectData.Library", "TaxCollectData.Library\TaxCollectData.Library.csproj", "{0ECC049F-7517-4CCF-B2FB-BC92511FA4A2}"
EndProject
Project("{FAE04EC0-301F-11D3-BF4B-00C04F79EFBC}") = "TaxCollectData.Sample", "TaxCollectData.Sample\TaxCollectData.Sample.csproj", "{FB1CD192-5B48-4ACE-A892-AA3544D054BD}"
EndProject
Project("{FAE04EC0-301F-11D3-BF4B-00C04F79EFBC}") = "TaxCollectData.Test", "TaxCollectData.Test\TaxCollectData.Test.csproj", "{5F334568-8C1D-4376-88F3-727B13B81BDF}"
EndProject
Global
	GlobalSection(SolutionConfigurationPlatforms) = preSolution
		Debug|Any CPU = Debug|Any CPU
		Release|Any CPU = Release|Any CPU
	EndGlobalSection
	GlobalSection(ProjectConfigurationPlatforms) = postSolution
		{0ECC049F-7517-4CCF-B2FB-BC92511FA4A2}.Release|Any CPU.ActiveCfg = Release|Any CPU
		{0ECC049F-7517-4CCF-B2FB-BC92511FA4A2}.Release|Any CPU.Build.0 = Release|Any CPU
		{0ECC049F-7517-4CCF-B2FB-BC92511FA4A2}.Debug|Any CPU.ActiveCfg = Release|Any CPU
		{0ECC049F-7517-4CCF-B2FB-BC92511FA4A2}.Debug|Any CPU.Build.0 = Release|Any CPU
		{FB1CD192-5B48-4ACE-A892-AA3544D054BD}.Debug|Any CPU.ActiveCfg = Debug|Any CPU
		{FB1CD192-5B48-4ACE-A892-AA3544D054BD}.Debug|Any CPU.Build.0 = Debug|Any CPU
		{FB1CD192-5B48-4ACE-A892-AA3544D054BD}.Release|Any CPU.ActiveCfg = Release|Any CPU
		{FB1CD192-5B48-4ACE-A892-AA3544D054BD}.Release|Any CPU.Build.0 = Release|Any CPU
		{5F334568-8C1D-4376-88F3-727B13B81BDF}.Debug|Any CPU.ActiveCfg = Debug|Any CPU
		{5F334568-8C1D-4376-88F3-727B13B81BDF}.Debug|Any CPU.Build.0 = Debug|Any CPU
		{5F334568-8C1D-4376-88F3-727B13B81BDF}.Release|Any CPU.ActiveCfg = Release|Any CPU
		{5F334568-8C1D-4376-88F3-727B13B81BDF}.Release|Any CPU.Build.0 = Release|Any CPU
	EndGlobalSection
	GlobalSection(SolutionProperties) = preSolution
		HideSolutionNode = FALSE
	EndGlobalSection
	GlobalSection(ExtensibilityGlobals) = postSolution
		SolutionGuid = {1E1ADAD4-CA48-430C-8F60-C94AC3904BDC}
	EndGlobalSection
EndGlobal
